// !$*UTF8*$!
{
	archiveVersion = 1;
	classes = {
	};
	objectVersion = 46;
	objects = {

/* Begin PBXBuildFile section */
		0EA6CF8E1A82AE550029B10F /* main.m in Sources */ = {isa = PBXBuildFile; fileRef = 0EA6CF8D1A82AE550029B10F /* main.m */; };
		0EA6CF911A82AE550029B10F /* AppDelegate.m in Sources */ = {isa = PBXBuildFile; fileRef = 0EA6CF901A82AE550029B10F /* AppDelegate.m */; };
		0EA6CF941A82AE550029B10F /* ViewController.m in Sources */ = {isa = PBXBuildFile; fileRef = 0EA6CF931A82AE550029B10F /* ViewController.m */; };
		0EA6CF971A82AE550029B10F /* Main.storyboard in Resources */ = {isa = PBXBuildFile; fileRef = 0EA6CF951A82AE550029B10F /* Main.storyboard */; };
		0EA6CF991A82AE550029B10F /* Images.xcassets in Resources */ = {isa = PBXBuildFile; fileRef = 0EA6CF981A82AE550029B10F /* Images.xcassets */; };
		0EA6CF9C1A82AE550029B10F /* LaunchScreen.xib in Resources */ = {isa = PBXBuildFile; fileRef = 0EA6CF9A1A82AE550029B10F /* LaunchScreen.xib */; };
		0EA6CFA81A82AE560029B10F /* Little_SayingsTests.m in Sources */ = {isa = PBXBuildFile; fileRef = 0EA6CFA71A82AE560029B10F /* Little_SayingsTests.m */; };
		0EA6CFB71A82B2AB0029B10F /* Bolts.framework in Frameworks */ = {isa = PBXBuildFile; fileRef = 0EA6CFB51A82B2AB0029B10F /* Bolts.framework */; };
		0EA6CFB81A82B2AB0029B10F /* Parse.framework in Frameworks */ = {isa = PBXBuildFile; fileRef = 0EA6CFB61A82B2AB0029B10F /* Parse.framework */; };
		0EA6CFC31A82B3260029B10F /* AudioToolbox.framework in Frameworks */ = {isa = PBXBuildFile; fileRef = 0EA6CFBA1A82B3260029B10F /* AudioToolbox.framework */; };
		0EA6CFC41A82B3260029B10F /* CFNetwork.framework in Frameworks */ = {isa = PBXBuildFile; fileRef = 0EA6CFBB1A82B3260029B10F /* CFNetwork.framework */; };
		0EA6CFC51A82B3260029B10F /* CoreGraphics.framework in Frameworks */ = {isa = PBXBuildFile; fileRef = 0EA6CFBC1A82B3260029B10F /* CoreGraphics.framework */; };
		0EA6CFC61A82B3260029B10F /* CoreLocation.framework in Frameworks */ = {isa = PBXBuildFile; fileRef = 0EA6CFBD1A82B3260029B10F /* CoreLocation.framework */; };
		0EA6CFC71A82B3260029B10F /* MobileCoreServices.framework in Frameworks */ = {isa = PBXBuildFile; fileRef = 0EA6CFBE1A82B3260029B10F /* MobileCoreServices.framework */; };
		0EA6CFC81A82B3260029B10F /* QuartzCore.framework in Frameworks */ = {isa = PBXBuildFile; fileRef = 0EA6CFBF1A82B3260029B10F /* QuartzCore.framework */; };
		0EA6CFC91A82B3260029B10F /* Security.framework in Frameworks */ = {isa = PBXBuildFile; fileRef = 0EA6CFC01A82B3260029B10F /* Security.framework */; };
		0EA6CFCA1A82B3260029B10F /* StoreKit.framework in Frameworks */ = {isa = PBXBuildFile; fileRef = 0EA6CFC11A82B3260029B10F /* StoreKit.framework */; };
		0EA6CFCB1A82B3260029B10F /* SystemConfiguration.framework in Frameworks */ = {isa = PBXBuildFile; fileRef = 0EA6CFC21A82B3260029B10F /* SystemConfiguration.framework */; };
		0EA6CFCD1A82B3320029B10F /* libz.dylib in Frameworks */ = {isa = PBXBuildFile; fileRef = 0EA6CFCC1A82B3320029B10F /* libz.dylib */; };
		0EA6CFCF1A82B33A0029B10F /* libsqlite3.dylib in Frameworks */ = {isa = PBXBuildFile; fileRef = 0EA6CFCE1A82B33A0029B10F /* libsqlite3.dylib */; };
		0EA6CFD21A82B6A90029B10F /* LogInViewController.m in Sources */ = {isa = PBXBuildFile; fileRef = 0EA6CFD11A82B6A90029B10F /* LogInViewController.m */; };
		0EA6CFD51A82B6B70029B10F /* SignUpViewController.m in Sources */ = {isa = PBXBuildFile; fileRef = 0EA6CFD41A82B6B70029B10F /* SignUpViewController.m */; };
		0EA6CFD81A82B6C20029B10F /* LaunchViewController.m in Sources */ = {isa = PBXBuildFile; fileRef = 0EA6CFD71A82B6C20029B10F /* LaunchViewController.m */; };
/* End PBXBuildFile section */

/* Begin PBXContainerItemProxy section */
		0EA6CFA21A82AE560029B10F /* PBXContainerItemProxy */ = {
			isa = PBXContainerItemProxy;
			containerPortal = 0EA6CF801A82AE520029B10F /* Project object */;
			proxyType = 1;
			remoteGlobalIDString = 0EA6CF871A82AE540029B10F;
			remoteInfo = "Little Sayings";
		};
/* End PBXContainerItemProxy section */

/* Begin PBXFileReference section */
		0EA6CF881A82AE550029B10F /* Little Sayings.app */ = {isa = PBXFileReference; explicitFileType = wrapper.application; includeInIndex = 0; path = "Little Sayings.app"; sourceTree = BUILT_PRODUCTS_DIR; };
		0EA6CF8C1A82AE550029B10F /* Info.plist */ = {isa = PBXFileReference; lastKnownFileType = text.plist.xml; path = Info.plist; sourceTree = "<group>"; };
		0EA6CF8D1A82AE550029B10F /* main.m */ = {isa = PBXFileReference; lastKnownFileType = sourcecode.c.objc; path = main.m; sourceTree = "<group>"; };
		0EA6CF8F1A82AE550029B10F /* AppDelegate.h */ = {isa = PBXFileReference; lastKnownFileType = sourcecode.c.h; path = AppDelegate.h; sourceTree = "<group>"; };
		0EA6CF901A82AE550029B10F /* AppDelegate.m */ = {isa = PBXFileReference; lastKnownFileType = sourcecode.c.objc; path = AppDelegate.m; sourceTree = "<group>"; };
		0EA6CF921A82AE550029B10F /* ViewController.h */ = {isa = PBXFileReference; lastKnownFileType = sourcecode.c.h; path = ViewController.h; sourceTree = "<group>"; };
		0EA6CF931A82AE550029B10F /* ViewController.m */ = {isa = PBXFileReference; lastKnownFileType = sourcecode.c.objc; path = ViewController.m; sourceTree = "<group>"; };
		0EA6CF961A82AE550029B10F /* Base */ = {isa = PBXFileReference; lastKnownFileType = file.storyboard; name = Base; path = Base.lproj/Main.storyboard; sourceTree = "<group>"; };
		0EA6CF981A82AE550029B10F /* Images.xcassets */ = {isa = PBXFileReference; lastKnownFileType = folder.assetcatalog; path = Images.xcassets; sourceTree = "<group>"; };
		0EA6CF9B1A82AE550029B10F /* Base */ = {isa = PBXFileReference; lastKnownFileType = file.xib; name = Base; path = Base.lproj/LaunchScreen.xib; sourceTree = "<group>"; };
		0EA6CFA11A82AE560029B10F /* Little SayingsTests.xctest */ = {isa = PBXFileReference; explicitFileType = wrapper.cfbundle; includeInIndex = 0; path = "Little SayingsTests.xctest"; sourceTree = BUILT_PRODUCTS_DIR; };
		0EA6CFA61A82AE560029B10F /* Info.plist */ = {isa = PBXFileReference; lastKnownFileType = text.plist.xml; path = Info.plist; sourceTree = "<group>"; };
		0EA6CFA71A82AE560029B10F /* Little_SayingsTests.m */ = {isa = PBXFileReference; lastKnownFileType = sourcecode.c.objc; path = Little_SayingsTests.m; sourceTree = "<group>"; };
		0EA6CFB51A82B2AB0029B10F /* Bolts.framework */ = {isa = PBXFileReference; lastKnownFileType = wrapper.framework; path = Bolts.framework; sourceTree = "<group>"; };
		0EA6CFB61A82B2AB0029B10F /* Parse.framework */ = {isa = PBXFileReference; lastKnownFileType = wrapper.framework; path = Parse.framework; sourceTree = "<group>"; };
		0EA6CFBA1A82B3260029B10F /* AudioToolbox.framework */ = {isa = PBXFileReference; lastKnownFileType = wrapper.framework; name = AudioToolbox.framework; path = System/Library/Frameworks/AudioToolbox.framework; sourceTree = SDKROOT; };
		0EA6CFBB1A82B3260029B10F /* CFNetwork.framework */ = {isa = PBXFileReference; lastKnownFileType = wrapper.framework; name = CFNetwork.framework; path = System/Library/Frameworks/CFNetwork.framework; sourceTree = SDKROOT; };
		0EA6CFBC1A82B3260029B10F /* CoreGraphics.framework */ = {isa = PBXFileReference; lastKnownFileType = wrapper.framework; name = CoreGraphics.framework; path = System/Library/Frameworks/CoreGraphics.framework; sourceTree = SDKROOT; };
		0EA6CFBD1A82B3260029B10F /* CoreLocation.framework */ = {isa = PBXFileReference; lastKnownFileType = wrapper.framework; name = CoreLocation.framework; path = System/Library/Frameworks/CoreLocation.framework; sourceTree = SDKROOT; };
		0EA6CFBE1A82B3260029B10F /* MobileCoreServices.framework */ = {isa = PBXFileReference; lastKnownFileType = wrapper.framework; name = MobileCoreServices.framework; path = System/Library/Frameworks/MobileCoreServices.framework; sourceTree = SDKROOT; };
		0EA6CFBF1A82B3260029B10F /* QuartzCore.framework */ = {isa = PBXFileReference; lastKnownFileType = wrapper.framework; name = QuartzCore.framework; path = System/Library/Frameworks/QuartzCore.framework; sourceTree = SDKROOT; };
		0EA6CFC01A82B3260029B10F /* Security.framework */ = {isa = PBXFileReference; lastKnownFileType = wrapper.framework; name = Security.framework; path = System/Library/Frameworks/Security.framework; sourceTree = SDKROOT; };
		0EA6CFC11A82B3260029B10F /* StoreKit.framework */ = {isa = PBXFileReference; lastKnownFileType = wrapper.framework; name = StoreKit.framework; path = System/Library/Frameworks/StoreKit.framework; sourceTree = SDKROOT; };
		0EA6CFC21A82B3260029B10F /* SystemConfiguration.framework */ = {isa = PBXFileReference; lastKnownFileType = wrapper.framework; name = SystemConfiguration.framework; path = System/Library/Frameworks/SystemConfiguration.framework; sourceTree = SDKROOT; };
		0EA6CFCC1A82B3320029B10F /* libz.dylib */ = {isa = PBXFileReference; lastKnownFileType = "compiled.mach-o.dylib"; name = libz.dylib; path = usr/lib/libz.dylib; sourceTree = SDKROOT; };
		0EA6CFCE1A82B33A0029B10F /* libsqlite3.dylib */ = {isa = PBXFileReference; lastKnownFileType = "compiled.mach-o.dylib"; name = libsqlite3.dylib; path = usr/lib/libsqlite3.dylib; sourceTree = SDKROOT; };
		0EA6CFD01A82B6A90029B10F /* LogInViewController.h */ = {isa = PBXFileReference; fileEncoding = 4; lastKnownFileType = sourcecode.c.h; path = LogInViewController.h; sourceTree = "<group>"; };
		0EA6CFD11A82B6A90029B10F /* LogInViewController.m */ = {isa = PBXFileReference; fileEncoding = 4; lastKnownFileType = sourcecode.c.objc; path = LogInViewController.m; sourceTree = "<group>"; };
		0EA6CFD31A82B6B70029B10F /* SignUpViewController.h */ = {isa = PBXFileReference; fileEncoding = 4; lastKnownFileType = sourcecode.c.h; path = SignUpViewController.h; sourceTree = "<group>"; };
		0EA6CFD41A82B6B70029B10F /* SignUpViewController.m */ = {isa = PBXFileReference; fileEncoding = 4; lastKnownFileType = sourcecode.c.objc; path = SignUpViewController.m; sourceTree = "<group>"; };
		0EA6CFD61A82B6C20029B10F /* LaunchViewController.h */ = {isa = PBXFileReference; fileEncoding = 4; lastKnownFileType = sourcecode.c.h; path = LaunchViewController.h; sourceTree = "<group>"; };
		0EA6CFD71A82B6C20029B10F /* LaunchViewController.m */ = {isa = PBXFileReference; fileEncoding = 4; lastKnownFileType = sourcecode.c.objc; path = LaunchViewController.m; sourceTree = "<group>"; };
/* End PBXFileReference section */

/* Begin PBXFrameworksBuildPhase section */
		0EA6CF851A82AE540029B10F /* Frameworks */ = {
			isa = PBXFrameworksBuildPhase;
			buildActionMask = 2147483647;
			files = (
				0EA6CFCF1A82B33A0029B10F /* libsqlite3.dylib in Frameworks */,
				0EA6CFCD1A82B3320029B10F /* libz.dylib in Frameworks */,
				0EA6CFC31A82B3260029B10F /* AudioToolbox.framework in Frameworks */,
				0EA6CFC41A82B3260029B10F /* CFNetwork.framework in Frameworks */,
				0EA6CFC51A82B3260029B10F /* CoreGraphics.framework in Frameworks */,
				0EA6CFC61A82B3260029B10F /* CoreLocation.framework in Frameworks */,
				0EA6CFC71A82B3260029B10F /* MobileCoreServices.framework in Frameworks */,
				0EA6CFC81A82B3260029B10F /* QuartzCore.framework in Frameworks */,
				0EA6CFC91A82B3260029B10F /* Security.framework in Frameworks */,
				0EA6CFCA1A82B3260029B10F /* StoreKit.framework in Frameworks */,
				0EA6CFCB1A82B3260029B10F /* SystemConfiguration.framework in Frameworks */,
				0EA6CFB81A82B2AB0029B10F /* Parse.framework in Frameworks */,
				0EA6CFB71A82B2AB0029B10F /* Bolts.framework in Frameworks */,
			);
			runOnlyForDeploymentPostprocessing = 0;
		};
		0EA6CF9E1A82AE560029B10F /* Frameworks */ = {
			isa = PBXFrameworksBuildPhase;
			buildActionMask = 2147483647;
			files = (
			);
			runOnlyForDeploymentPostprocessing = 0;
		};
/* End PBXFrameworksBuildPhase section */

/* Begin PBXGroup section */
		0EA6CF7F1A82AE520029B10F = {
			isa = PBXGroup;
			children = (
				0EA6CFD61A82B6C20029B10F /* LaunchViewController.h */,
				0EA6CFD71A82B6C20029B10F /* LaunchViewController.m */,
				0EA6CFD91A82BC070029B10F /* Log in/Sign up */,
				0EA6CF8A1A82AE550029B10F /* Little Sayings */,
				0EA6CFA41A82AE560029B10F /* Little SayingsTests */,
				0EA6CFB91A82B2B10029B10F /* Frameworks */,
				0EA6CF891A82AE550029B10F /* Products */,
			);
			sourceTree = "<group>";
		};
		0EA6CF891A82AE550029B10F /* Products */ = {
			isa = PBXGroup;
			children = (
				0EA6CF881A82AE550029B10F /* Little Sayings.app */,
				0EA6CFA11A82AE560029B10F /* Little SayingsTests.xctest */,
			);
			name = Products;
			sourceTree = "<group>";
		};
		0EA6CF8A1A82AE550029B10F /* Little Sayings */ = {
			isa = PBXGroup;
			children = (
				0EA6CF8F1A82AE550029B10F /* AppDelegate.h */,
				0EA6CF901A82AE550029B10F /* AppDelegate.m */,
				0EA6CF921A82AE550029B10F /* ViewController.h */,
				0EA6CF931A82AE550029B10F /* ViewController.m */,
				0EA6CF951A82AE550029B10F /* Main.storyboard */,
				0EA6CF981A82AE550029B10F /* Images.xcassets */,
				0EA6CF9A1A82AE550029B10F /* LaunchScreen.xib */,
				0EA6CF8B1A82AE550029B10F /* Supporting Files */,
			);
			path = "Little Sayings";
			sourceTree = "<group>";
		};
		0EA6CF8B1A82AE550029B10F /* Supporting Files */ = {
			isa = PBXGroup;
			children = (
				0EA6CF8C1A82AE550029B10F /* Info.plist */,
				0EA6CF8D1A82AE550029B10F /* main.m */,
			);
			name = "Supporting Files";
			sourceTree = "<group>";
		};
		0EA6CFA41A82AE560029B10F /* Little SayingsTests */ = {
			isa = PBXGroup;
			children = (
				0EA6CFA71A82AE560029B10F /* Little_SayingsTests.m */,
				0EA6CFA51A82AE560029B10F /* Supporting Files */,
			);
			path = "Little SayingsTests";
			sourceTree = "<group>";
		};
		0EA6CFA51A82AE560029B10F /* Supporting Files */ = {
			isa = PBXGroup;
			children = (
				0EA6CFA61A82AE560029B10F /* Info.plist */,
			);
			name = "Supporting Files";
			sourceTree = "<group>";
		};
		0EA6CFB91A82B2B10029B10F /* Frameworks */ = {
			isa = PBXGroup;
			children = (
				0EA6CFCE1A82B33A0029B10F /* libsqlite3.dylib */,
				0EA6CFCC1A82B3320029B10F /* libz.dylib */,
				0EA6CFBA1A82B3260029B10F /* AudioToolbox.framework */,
				0EA6CFBB1A82B3260029B10F /* CFNetwork.framework */,
				0EA6CFBC1A82B3260029B10F /* CoreGraphics.framework */,
				0EA6CFBD1A82B3260029B10F /* CoreLocation.framework */,
				0EA6CFBE1A82B3260029B10F /* MobileCoreServices.framework */,
				0EA6CFBF1A82B3260029B10F /* QuartzCore.framework */,
				0EA6CFC01A82B3260029B10F /* Security.framework */,
				0EA6CFC11A82B3260029B10F /* StoreKit.framework */,
				0EA6CFC21A82B3260029B10F /* SystemConfiguration.framework */,
				0EA6CFB51A82B2AB0029B10F /* Bolts.framework */,
				0EA6CFB61A82B2AB0029B10F /* Parse.framework */,
			);
			name = Frameworks;
			sourceTree = "<group>";
		};
		0EA6CFD91A82BC070029B10F /* Log in/Sign up */ = {
			isa = PBXGroup;
			children = (
				0EA6CFD31A82B6B70029B10F /* SignUpViewController.h */,
				0EA6CFD41A82B6B70029B10F /* SignUpViewController.m */,
				0EA6CFD01A82B6A90029B10F /* LogInViewController.h */,
				0EA6CFD11A82B6A90029B10F /* LogInViewController.m */,
			);
			name = "Log in/Sign up";
			sourceTree = "<group>";
		};
/* End PBXGroup section */

/* Begin PBXNativeTarget section */
		0EA6CF871A82AE540029B10F /* Little Sayings */ = {
			isa = PBXNativeTarget;
			buildConfigurationList = 0EA6CFAB1A82AE560029B10F /* Build configuration list for PBXNativeTarget "Little Sayings" */;
			buildPhases = (
				0EA6CF841A82AE540029B10F /* Sources */,
				0EA6CF851A82AE540029B10F /* Frameworks */,
				0EA6CF861A82AE540029B10F /* Resources */,
			);
			buildRules = (
			);
			dependencies = (
			);
			name = "Little Sayings";
			productName = "Little Sayings";
			productReference = 0EA6CF881A82AE550029B10F /* Little Sayings.app */;
			productType = "com.apple.product-type.application";
		};
		0EA6CFA01A82AE560029B10F /* Little SayingsTests */ = {
			isa = PBXNativeTarget;
			buildConfigurationList = 0EA6CFAE1A82AE560029B10F /* Build configuration list for PBXNativeTarget "Little SayingsTests" */;
			buildPhases = (
				0EA6CF9D1A82AE560029B10F /* Sources */,
				0EA6CF9E1A82AE560029B10F /* Frameworks */,
				0EA6CF9F1A82AE560029B10F /* Resources */,
			);
			buildRules = (
			);
			dependencies = (
				0EA6CFA31A82AE560029B10F /* PBXTargetDependency */,
			);
			name = "Little SayingsTests";
			productName = "Little SayingsTests";
			productReference = 0EA6CFA11A82AE560029B10F /* Little SayingsTests.xctest */;
			productType = "com.apple.product-type.bundle.unit-test";
		};
/* End PBXNativeTarget section */

/* Begin PBXProject section */
		0EA6CF801A82AE520029B10F /* Project object */ = {
			isa = PBXProject;
			attributes = {
				LastUpgradeCheck = 0610;
				ORGANIZATIONNAME = "Angela Smith";
				TargetAttributes = {
					0EA6CF871A82AE540029B10F = {
						CreatedOnToolsVersion = 6.1.1;
					};
					0EA6CFA01A82AE560029B10F = {
						CreatedOnToolsVersion = 6.1.1;
						TestTargetID = 0EA6CF871A82AE540029B10F;
					};
				};
			};
			buildConfigurationList = 0EA6CF831A82AE530029B10F /* Build configuration list for PBXProject "Little Sayings" */;
			compatibilityVersion = "Xcode 3.2";
			developmentRegion = English;
			hasScannedForEncodings = 0;
			knownRegions = (
				en,
				Base,
			);
			mainGroup = 0EA6CF7F1A82AE520029B10F;
			productRefGroup = 0EA6CF891A82AE550029B10F /* Products */;
			projectDirPath = "";
			projectRoot = "";
			targets = (
				0EA6CF871A82AE540029B10F /* Little Sayings */,
				0EA6CFA01A82AE560029B10F /* Little SayingsTests */,
			);
		};
/* End PBXProject section */

/* Begin PBXResourcesBuildPhase section */
		0EA6CF861A82AE540029B10F /* Resources */ = {
			isa = PBXResourcesBuildPhase;
			buildActionMask = 2147483647;
			files = (
				0EA6CF971A82AE550029B10F /* Main.storyboard in Resources */,
				0EA6CF9C1A82AE550029B10F /* LaunchScreen.xib in Resources */,
				0EA6CF991A82AE550029B10F /* Images.xcassets in Resources */,
			);
			runOnlyForDeploymentPostprocessing = 0;
		};
		0EA6CF9F1A82AE560029B10F /* Resources */ = {
			isa = PBXResourcesBuildPhase;
			buildActionMask = 2147483647;
			files = (
			);
			runOnlyForDeploymentPostprocessing = 0;
		};
/* End PBXResourcesBuildPhase section */

/* Begin PBXSourcesBuildPhase section */
		0EA6CF841A82AE540029B10F /* Sources */ = {
			isa = PBXSourcesBuildPhase;
			buildActionMask = 2147483647;
			files = (
				0EA6CFD21A82B6A90029B10F /* LogInViewController.m in Sources */,
				0EA6CFD51A82B6B70029B10F /* SignUpViewController.m in Sources */,
				0EA6CF941A82AE550029B10F /* ViewController.m in Sources */,
				0EA6CF911A82AE550029B10F /* AppDelegate.m in Sources */,
				0EA6CF8E1A82AE550029B10F /* main.m in Sources */,
				0EA6CFD81A82B6C20029B10F /* LaunchViewController.m in Sources */,
			);
			runOnlyForDeploymentPostprocessing = 0;
		};
		0EA6CF9D1A82AE560029B10F /* Sources */ = {
			isa = PBXSourcesBuildPhase;
			buildActionMask = 2147483647;
			files = (
				0EA6CFA81A82AE560029B10F /* Little_SayingsTests.m in Sources */,
			);
			runOnlyForDeploymentPostprocessing = 0;
		};
/* End PBXSourcesBuildPhase section */

/* Begin PBXTargetDependency section */
		0EA6CFA31A82AE560029B10F /* PBXTargetDependency */ = {
			isa = PBXTargetDependency;
			target = 0EA6CF871A82AE540029B10F /* Little Sayings */;
			targetProxy = 0EA6CFA21A82AE560029B10F /* PBXContainerItemProxy */;
		};
/* End PBXTargetDependency section */

/* Begin PBXVariantGroup section */
		0EA6CF951A82AE550029B10F /* Main.storyboard */ = {
			isa = PBXVariantGroup;
			children = (
				0EA6CF961A82AE550029B10F /* Base */,
			);
			name = Main.storyboard;
			sourceTree = "<group>";
		};
		0EA6CF9A1A82AE550029B10F /* LaunchScreen.xib */ = {
			isa = PBXVariantGroup;
			children = (
				0EA6CF9B1A82AE550029B10F /* Base */,
			);
			name = LaunchScreen.xib;
			sourceTree = "<group>";
		};
/* End PBXVariantGroup section */

/* Begin XCBuildConfiguration section */
		0EA6CFA91A82AE560029B10F /* Debug */ = {
			isa = XCBuildConfiguration;
			buildSettings = {
				ALWAYS_SEARCH_USER_PATHS = NO;
				CLANG_CXX_LANGUAGE_STANDARD = "gnu++0x";
				CLANG_CXX_LIBRARY = "libc++";
				CLANG_ENABLE_MODULES = YES;
				CLANG_ENABLE_OBJC_ARC = YES;
				CLANG_WARN_BOOL_CONVERSION = YES;
				CLANG_WARN_CONSTANT_CONVERSION = YES;
				CLANG_WARN_DIRECT_OBJC_ISA_USAGE = YES_ERROR;
				CLANG_WARN_EMPTY_BODY = YES;
				CLANG_WARN_ENUM_CONVERSION = YES;
				CLANG_WARN_INT_CONVERSION = YES;
				CLANG_WARN_OBJC_ROOT_CLASS = YES_ERROR;
				CLANG_WARN_UNREACHABLE_CODE = YES;
				CLANG_WARN__DUPLICATE_METHOD_MATCH = YES;
				"CODE_SIGN_IDENTITY[sdk=iphoneos*]" = "iPhone Developer";
				COPY_PHASE_STRIP = NO;
				ENABLE_STRICT_OBJC_MSGSEND = YES;
				GCC_C_LANGUAGE_STANDARD = gnu99;
				GCC_DYNAMIC_NO_PIC = NO;
				GCC_OPTIMIZATION_LEVEL = 0;
				GCC_PREPROCESSOR_DEFINITIONS = (
					"DEBUG=1",
					"$(inherited)",
				);
				GCC_SYMBOLS_PRIVATE_EXTERN = NO;
				GCC_WARN_64_TO_32_BIT_CONVERSION = YES;
				GCC_WARN_ABOUT_RETURN_TYPE = YES_ERROR;
				GCC_WARN_UNDECLARED_SELECTOR = YES;
				GCC_WARN_UNINITIALIZED_AUTOS = YES_AGGRESSIVE;
				GCC_WARN_UNUSED_FUNCTION = YES;
				GCC_WARN_UNUSED_VARIABLE = YES;
				IPHONEOS_DEPLOYMENT_TARGET = 8.1;
				MTL_ENABLE_DEBUG_INFO = YES;
				ONLY_ACTIVE_ARCH = YES;
				SDKROOT = iphoneos;
			};
			name = Debug;
		};
		0EA6CFAA1A82AE560029B10F /* Release */ = {
			isa = XCBuildConfiguration;
			buildSettings = {
				ALWAYS_SEARCH_USER_PATHS = NO;
				CLANG_CXX_LANGUAGE_STANDARD = "gnu++0x";
				CLANG_CXX_LIBRARY = "libc++";
				CLANG_ENABLE_MODULES = YES;
				CLANG_ENABLE_OBJC_ARC = YES;
				CLANG_WARN_BOOL_CONVERSION = YES;
				CLANG_WARN_CONSTANT_CONVERSION = YES;
				CLANG_WARN_DIRECT_OBJC_ISA_USAGE = YES_ERROR;
				CLANG_WARN_EMPTY_BODY = YES;
				CLANG_WARN_ENUM_CONVERSION = YES;
				CLANG_WARN_INT_CONVERSION = YES;
				CLANG_WARN_OBJC_ROOT_CLASS = YES_ERROR;
				CLANG_WARN_UNREACHABLE_CODE = YES;
				CLANG_WARN__DUPLICATE_METHOD_MATCH = YES;
				"CODE_SIGN_IDENTITY[sdk=iphoneos*]" = "iPhone Developer";
				COPY_PHASE_STRIP = YES;
				ENABLE_NS_ASSERTIONS = NO;
				ENABLE_STRICT_OBJC_MSGSEND = YES;
				GCC_C_LANGUAGE_STANDARD = gnu99;
				GCC_WARN_64_TO_32_BIT_CONVERSION = YES;
				GCC_WARN_ABOUT_RETURN_TYPE = YES_ERROR;
				GCC_WARN_UNDECLARED_SELECTOR = YES;
				GCC_WARN_UNINITIALIZED_AUTOS = YES_AGGRESSIVE;
				GCC_WARN_UNUSED_FUNCTION = YES;
				GCC_WARN_UNUSED_VARIABLE = YES;
				IPHONEOS_DEPLOYMENT_TARGET = 8.1;
				MTL_ENABLE_DEBUG_INFO = NO;
				SDKROOT = iphoneos;
				VALIDATE_PRODUCT = YES;
			};
			name = Release;
		};
		0EA6CFAC1A82AE560029B10F /* Debug */ = {
			isa = XCBuildConfiguration;
			buildSettings = {
				ASSETCATALOG_COMPILER_APPICON_NAME = AppIcon;
				FRAMEWORK_SEARCH_PATHS = (
					"$(inherited)",
					"/Users/AngeSSmith/Development/Parse/parse-library-1.6.2",
					"$(PROJECT_DIR)",
				);
				INFOPLIST_FILE = "Little Sayings/Info.plist";
				LD_RUNPATH_SEARCH_PATHS = "$(inherited) @executable_path/Frameworks";
				PRODUCT_NAME = "$(TARGET_NAME)";
			};
			name = Debug;
		};
		0EA6CFAD1A82AE560029B10F /* Release */ = {
			isa = XCBuildConfiguration;
			buildSettings = {
				ASSETCATALOG_COMPILER_APPICON_NAME = AppIcon;
				FRAMEWORK_SEARCH_PATHS = (
					"$(inherited)",
					"/Users/AngeSSmith/Development/Parse/parse-library-1.6.2",
					"$(PROJECT_DIR)",
				);
				INFOPLIST_FILE = "Little Sayings/Info.plist";
				LD_RUNPATH_SEARCH_PATHS = "$(inherited) @executable_path/Frameworks";
				PRODUCT_NAME = "$(TARGET_NAME)";
			};
			name = Release;
		};
		0EA6CFAF1A82AE560029B10F /* Debug */ = {
			isa = XCBuildConfiguration;
			buildSettings = {
				BUNDLE_LOADER = "$(TEST_HOST)";
				FRAMEWORK_SEARCH_PATHS = (
					"$(SDKROOT)/Developer/Library/Frameworks",
					"$(inherited)",
				);
				GCC_PREPROCESSOR_DEFINITIONS = (
					"DEBUG=1",
					"$(inherited)",
				);
				INFOPLIST_FILE = "Little SayingsTests/Info.plist";
				LD_RUNPATH_SEARCH_PATHS = "$(inherited) @executable_path/Frameworks @loader_path/Frameworks";
				PRODUCT_NAME = "$(TARGET_NAME)";
				TEST_HOST = "$(BUILT_PRODUCTS_DIR)/Little Sayings.app/Little Sayings";
			};
			name = Debug;
		};
		0EA6CFB01A82AE560029B10F /* Release */ = {
			isa = XCBuildConfiguration;
			buildSettings = {
				BUNDLE_LOADER = "$(TEST_HOST)";
				FRAMEWORK_SEARCH_PATHS = (
					"$(SDKROOT)/Developer/Library/Frameworks",
					"$(inherited)",
				);
				INFOPLIST_FILE = "Little SayingsTests/Info.plist";
				LD_RUNPATH_SEARCH_PATHS = "$(inherited) @executable_path/Frameworks @loader_path/Frameworks";
				PRODUCT_NAME = "$(TARGET_NAME)";
				TEST_HOST = "$(BUILT_PRODUCTS_DIR)/Little Sayings.app/Little Sayings";
			};
			name = Release;
		};
/* End XCBuildConfiguration section */

/* Begin XCConfigurationList section */
		0EA6CF831A82AE530029B10F /* Build configuration list for PBXProject "Little Sayings" */ = {
			isa = XCConfigurationList;
			buildConfigurations = (
				0EA6CFA91A82AE560029B10F /* Debug */,
				0EA6CFAA1A82AE560029B10F /* Release */,
			);
			defaultConfigurationIsVisible = 0;
			defaultConfigurationName = Release;
		};
		0EA6CFAB1A82AE560029B10F /* Build configuration list for PBXNativeTarget "Little Sayings" */ = {
			isa = XCConfigurationList;
			buildConfigurations = (
				0EA6CFAC1A82AE560029B10F /* Debug */,
				0EA6CFAD1A82AE560029B10F /* Release */,
			);
			defaultConfigurationIsVisible = 0;
		};
		0EA6CFAE1A82AE560029B10F /* Build configuration list for PBXNativeTarget "Little SayingsTests" */ = {
			isa = XCConfigurationList;
			buildConfigurations = (
				0EA6CFAF1A82AE560029B10F /* Debug */,
				0EA6CFB01A82AE560029B10F /* Release */,
			);
			defaultConfigurationIsVisible = 0;
		};
/* End XCConfigurationList section */
	};
	rootObject = 0EA6CF801A82AE520029B10F /* Project object */;
}
